
Microsoft Visual Studio Solution File, Format Version 12.00
# Visual Studio Version 17
VisualStudioVersion = 17.2.32616.157
MinimumVisualStudioVersion = 10.0.40219.1
Project("{2150E333-8FDC-42A3-9474-1A3956D46DE8}") = "src", "src", "{E4E19372-1D23-4CD6-9C22-448DF48BB12C}"
EndProject
Project("{2150E333-8FDC-42A3-9474-1A3956D46DE8}") = "Domain", "Domain", "{E3EAA5AD-9F3E-4A7B-B492-7846C67AC9AD}"
EndProject
Project("{2150E333-8FDC-42A3-9474-1A3956D46DE8}") = "Application", "Application", "{39C00C2B-0435-4DCD-93DF-5144084B05CA}"
EndProject
Project("{2150E333-8FDC-42A3-9474-1A3956D46DE8}") = "Infrastructure", "Infrastructure", "{E4E9373D-C090-4D67-A8A2-3FA4553FBE62}"
EndProject
Project("{2150E333-8FDC-42A3-9474-1A3956D46DE8}") = "Gateway", "Gateway", "{95D39681-AEAB-48E4-B836-C470906E6A3B}"
EndProject
Project("{9A19103F-16F7-4668-BE54-9A1E7A4F7556}") = "BookStore.Domain", "src\Domain\BookStore.Domain\BookStore.Domain.csproj", "{5B2383BB-E255-4A9B-8466-F50D079ACCED}"
EndProject
Project("{9A19103F-16F7-4668-BE54-9A1E7A4F7556}") = "BookStore.Application.Contract", "src\Application\BookStore.Application.Contract\BookStore.Application.Contract.csproj", "{D4AD4139-9356-41C0-A40A-01284AE0F1FA}"
EndProject
Project("{9A19103F-16F7-4668-BE54-9A1E7A4F7556}") = "BookStore.Application", "src\Application\BookStore.Application\BookStore.Application.csproj", "{32878570-58DF-4BF2-9DBD-9E4D05FE4B37}"
EndProject
Project("{9A19103F-16F7-4668-BE54-9A1E7A4F7556}") = "BookStore.Config", "src\Infrastructure\BookStore.Config\BookStore.Config.csproj", "{A0578855-C518-4B60-A8A6-4DE7F47EEB29}"
EndProject
Project("{9A19103F-16F7-4668-BE54-9A1E7A4F7556}") = "BookStore.ServiceHost", "src\BookStore.ServiceHost\BookStore.ServiceHost.csproj", "{6ECC0CF8-0E26-4B7A-83B9-F597246E72F4}"
EndProject
Project("{9A19103F-16F7-4668-BE54-9A1E7A4F7556}") = "BookStore.Persistence.EF", "src\Infrastructure\BookStore.Persistence.EF\BookStore.Persistence.EF.csproj", "{AE19EA24-9F45-4D24-9705-852E865B958D}"
EndProject
Project("{2150E333-8FDC-42A3-9474-1A3956D46DE8}") = "test", "test", "{04A8E8A9-9556-4EAD-AB51-BA623FEC4231}"
EndProject
Project("{9A19103F-16F7-4668-BE54-9A1E7A4F7556}") = "BookStore.Domain.Test.Unit", "test\BookStore.Domain.Test.Unit\BookStore.Domain.Test.Unit.csproj", "{3930423F-988D-4B8C-B004-FB4B16A1ED4E}"
EndProject
Project("{9A19103F-16F7-4668-BE54-9A1E7A4F7556}") = "BookStore.Application.Test.Integration", "test\BookStore.Application.Test.Integration\BookStore.Application.Test.Integration.csproj", "{C41B8826-B6DC-46B6-87BF-0130CC99F09D}"
EndProject
Project("{2150E333-8FDC-42A3-9474-1A3956D46DE8}") = "Common", "Common", "{42DED337-8043-40EF-AA95-20859916D99E}"
EndProject
Project("{9A19103F-16F7-4668-BE54-9A1E7A4F7556}") = "Common.Domain", "src\Common\Common.Domain\Common.Domain.csproj", "{3ED8213F-6634-4596-8E8F-7279D7492E1F}"
EndProject
Project("{9A19103F-16F7-4668-BE54-9A1E7A4F7556}") = "Common.Persistence.EF", "src\Common\Common.Persistence.EF\Common.Persistence.EF.csproj", "{7B830B59-F281-420A-816C-8DF1AEF687E4}"
EndProject
Project("{9A19103F-16F7-4668-BE54-9A1E7A4F7556}") = "Common.Infrastructure", "src\Common\Common.Infrastructure\Common.Infrastructure.csproj", "{5EFF2F9A-BD15-449B-8332-D72E4821F861}"
EndProject
Project("{9A19103F-16F7-4668-BE54-9A1E7A4F7556}") = "Common.Application", "src\Common\Common.Application\Common.Application.csproj", "{F210DD74-AE94-4FAA-AA6D-A7CDE2C9C5B3}"
EndProject
Project("{9A19103F-16F7-4668-BE54-9A1E7A4F7556}") = "Common.Api", "src\Common\Common.Api\Common.Api.csproj", "{EDF0A602-9E95-49DE-8DE1-87EE075645D2}"
EndProject
Project("{9A19103F-16F7-4668-BE54-9A1E7A4F7556}") = "BookStore.Admin.Api", "src\Gateway\BookStore.Admin.Api\BookStore.Admin.Api.csproj", "{7737DE41-16BC-4838-98EA-18B0BD0A3F89}"
EndProject
Global
	GlobalSection(SolutionConfigurationPlatforms) = preSolution
		Debug|Any CPU = Debug|Any CPU
		Release|Any CPU = Release|Any CPU
	EndGlobalSection
	GlobalSection(ProjectConfigurationPlatforms) = postSolution
		{5B2383BB-E255-4A9B-8466-F50D079ACCED}.Debug|Any CPU.ActiveCfg = Debug|Any CPU
		{5B2383BB-E255-4A9B-8466-F50D079ACCED}.Debug|Any CPU.Build.0 = Debug|Any CPU
		{5B2383BB-E255-4A9B-8466-F50D079ACCED}.Release|Any CPU.ActiveCfg = Release|Any CPU
		{5B2383BB-E255-4A9B-8466-F50D079ACCED}.Release|Any CPU.Build.0 = Release|Any CPU
		{D4AD4139-9356-41C0-A40A-01284AE0F1FA}.Debug|Any CPU.ActiveCfg = Debug|Any CPU
		{D4AD4139-9356-41C0-A40A-01284AE0F1FA}.Debug|Any CPU.Build.0 = Debug|Any CPU
		{D4AD4139-9356-41C0-A40A-01284AE0F1FA}.Release|Any CPU.ActiveCfg = Release|Any CPU
		{D4AD4139-9356-41C0-A40A-01284AE0F1FA}.Release|Any CPU.Build.0 = Release|Any CPU
		{32878570-58DF-4BF2-9DBD-9E4D05FE4B37}.Debug|Any CPU.ActiveCfg = Debug|Any CPU
		{32878570-58DF-4BF2-9DBD-9E4D05FE4B37}.Debug|Any CPU.Build.0 = Debug|Any CPU
		{32878570-58DF-4BF2-9DBD-9E4D05FE4B37}.Release|Any CPU.ActiveCfg = Release|Any CPU
		{32878570-58DF-4BF2-9DBD-9E4D05FE4B37}.Release|Any CPU.Build.0 = Release|Any CPU
		{A0578855-C518-4B60-A8A6-4DE7F47EEB29}.Debug|Any CPU.ActiveCfg = Debug|Any CPU
		{A0578855-C518-4B60-A8A6-4DE7F47EEB29}.Debug|Any CPU.Build.0 = Debug|Any CPU
		{A0578855-C518-4B60-A8A6-4DE7F47EEB29}.Release|Any CPU.ActiveCfg = Release|Any CPU
		{A0578855-C518-4B60-A8A6-4DE7F47EEB29}.Release|Any CPU.Build.0 = Release|Any CPU
		{6ECC0CF8-0E26-4B7A-83B9-F597246E72F4}.Debug|Any CPU.ActiveCfg = Debug|Any CPU
		{6ECC0CF8-0E26-4B7A-83B9-F597246E72F4}.Debug|Any CPU.Build.0 = Debug|Any CPU
		{6ECC0CF8-0E26-4B7A-83B9-F597246E72F4}.Release|Any CPU.ActiveCfg = Release|Any CPU
		{6ECC0CF8-0E26-4B7A-83B9-F597246E72F4}.Release|Any CPU.Build.0 = Release|Any CPU
		{AE19EA24-9F45-4D24-9705-852E865B958D}.Debug|Any CPU.ActiveCfg = Debug|Any CPU
		{AE19EA24-9F45-4D24-9705-852E865B958D}.Debug|Any CPU.Build.0 = Debug|Any CPU
		{AE19EA24-9F45-4D24-9705-852E865B958D}.Release|Any CPU.ActiveCfg = Release|Any CPU
		{AE19EA24-9F45-4D24-9705-852E865B958D}.Release|Any CPU.Build.0 = Release|Any CPU
		{3930423F-988D-4B8C-B004-FB4B16A1ED4E}.Debug|Any CPU.ActiveCfg = Debug|Any CPU
		{3930423F-988D-4B8C-B004-FB4B16A1ED4E}.Debug|Any CPU.Build.0 = Debug|Any CPU
		{3930423F-988D-4B8C-B004-FB4B16A1ED4E}.Release|Any CPU.ActiveCfg = Release|Any CPU
		{3930423F-988D-4B8C-B004-FB4B16A1ED4E}.Release|Any CPU.Build.0 = Release|Any CPU
		{C41B8826-B6DC-46B6-87BF-0130CC99F09D}.Debug|Any CPU.ActiveCfg = Debug|Any CPU
		{C41B8826-B6DC-46B6-87BF-0130CC99F09D}.Debug|Any CPU.Build.0 = Debug|Any CPU
		{C41B8826-B6DC-46B6-87BF-0130CC99F09D}.Release|Any CPU.ActiveCfg = Release|Any CPU
		{C41B8826-B6DC-46B6-87BF-0130CC99F09D}.Release|Any CPU.Build.0 = Release|Any CPU
		{3ED8213F-6634-4596-8E8F-7279D7492E1F}.Debug|Any CPU.ActiveCfg = Debug|Any CPU
		{3ED8213F-6634-4596-8E8F-7279D7492E1F}.Debug|Any CPU.Build.0 = Debug|Any CPU
		{3ED8213F-6634-4596-8E8F-7279D7492E1F}.Release|Any CPU.ActiveCfg = Release|Any CPU
		{3ED8213F-6634-4596-8E8F-7279D7492E1F}.Release|Any CPU.Build.0 = Release|Any CPU
		{7B830B59-F281-420A-816C-8DF1AEF687E4}.Debug|Any CPU.ActiveCfg = Debug|Any CPU
		{7B830B59-F281-420A-816C-8DF1AEF687E4}.Debug|Any CPU.Build.0 = Debug|Any CPU
		{7B830B59-F281-420A-816C-8DF1AEF687E4}.Release|Any CPU.ActiveCfg = Release|Any CPU
		{7B830B59-F281-420A-816C-8DF1AEF687E4}.Release|Any CPU.Build.0 = Release|Any CPU
		{5EFF2F9A-BD15-449B-8332-D72E4821F861}.Debug|Any CPU.ActiveCfg = Debug|Any CPU
		{5EFF2F9A-BD15-449B-8332-D72E4821F861}.Debug|Any CPU.Build.0 = Debug|Any CPU
		{5EFF2F9A-BD15-449B-8332-D72E4821F861}.Release|Any CPU.ActiveCfg = Release|Any CPU
		{5EFF2F9A-BD15-449B-8332-D72E4821F861}.Release|Any CPU.Build.0 = Release|Any CPU
		{F210DD74-AE94-4FAA-AA6D-A7CDE2C9C5B3}.Debug|Any CPU.ActiveCfg = Debug|Any CPU
		{F210DD74-AE94-4FAA-AA6D-A7CDE2C9C5B3}.Debug|Any CPU.Build.0 = Debug|Any CPU
		{F210DD74-AE94-4FAA-AA6D-A7CDE2C9C5B3}.Release|Any CPU.ActiveCfg = Release|Any CPU
		{F210DD74-AE94-4FAA-AA6D-A7CDE2C9C5B3}.Release|Any CPU.Build.0 = Release|Any CPU
		{EDF0A602-9E95-49DE-8DE1-87EE075645D2}.Debug|Any CPU.ActiveCfg = Debug|Any CPU
		{EDF0A602-9E95-49DE-8DE1-87EE075645D2}.Debug|Any CPU.Build.0 = Debug|Any CPU
		{EDF0A602-9E95-49DE-8DE1-87EE075645D2}.Release|Any CPU.ActiveCfg = Release|Any CPU
		{EDF0A602-9E95-49DE-8DE1-87EE075645D2}.Release|Any CPU.Build.0 = Release|Any CPU
		{7737DE41-16BC-4838-98EA-18B0BD0A3F89}.Debug|Any CPU.ActiveCfg = Debug|Any CPU
		{7737DE41-16BC-4838-98EA-18B0BD0A3F89}.Debug|Any CPU.Build.0 = Debug|Any CPU
		{7737DE41-16BC-4838-98EA-18B0BD0A3F89}.Release|Any CPU.ActiveCfg = Release|Any CPU
		{7737DE41-16BC-4838-98EA-18B0BD0A3F89}.Release|Any CPU.Build.0 = Release|Any CPU
	EndGlobalSection
	GlobalSection(SolutionProperties) = preSolution
		HideSolutionNode = FALSE
	EndGlobalSection
	GlobalSection(NestedProjects) = preSolution
		{E3EAA5AD-9F3E-4A7B-B492-7846C67AC9AD} = {E4E19372-1D23-4CD6-9C22-448DF48BB12C}
		{39C00C2B-0435-4DCD-93DF-5144084B05CA} = {E4E19372-1D23-4CD6-9C22-448DF48BB12C}
		{E4E9373D-C090-4D67-A8A2-3FA4553FBE62} = {E4E19372-1D23-4CD6-9C22-448DF48BB12C}
		{95D39681-AEAB-48E4-B836-C470906E6A3B} = {E4E19372-1D23-4CD6-9C22-448DF48BB12C}
		{5B2383BB-E255-4A9B-8466-F50D079ACCED} = {E3EAA5AD-9F3E-4A7B-B492-7846C67AC9AD}
		{D4AD4139-9356-41C0-A40A-01284AE0F1FA} = {39C00C2B-0435-4DCD-93DF-5144084B05CA}
		{32878570-58DF-4BF2-9DBD-9E4D05FE4B37} = {39C00C2B-0435-4DCD-93DF-5144084B05CA}
		{A0578855-C518-4B60-A8A6-4DE7F47EEB29} = {E4E9373D-C090-4D67-A8A2-3FA4553FBE62}
		{6ECC0CF8-0E26-4B7A-83B9-F597246E72F4} = {E4E19372-1D23-4CD6-9C22-448DF48BB12C}
		{AE19EA24-9F45-4D24-9705-852E865B958D} = {E4E9373D-C090-4D67-A8A2-3FA4553FBE62}
		{3930423F-988D-4B8C-B004-FB4B16A1ED4E} = {04A8E8A9-9556-4EAD-AB51-BA623FEC4231}
		{C41B8826-B6DC-46B6-87BF-0130CC99F09D} = {04A8E8A9-9556-4EAD-AB51-BA623FEC4231}
		{42DED337-8043-40EF-AA95-20859916D99E} = {E4E19372-1D23-4CD6-9C22-448DF48BB12C}
		{3ED8213F-6634-4596-8E8F-7279D7492E1F} = {42DED337-8043-40EF-AA95-20859916D99E}
		{7B830B59-F281-420A-816C-8DF1AEF687E4} = {42DED337-8043-40EF-AA95-20859916D99E}
		{5EFF2F9A-BD15-449B-8332-D72E4821F861} = {42DED337-8043-40EF-AA95-20859916D99E}
		{F210DD74-AE94-4FAA-AA6D-A7CDE2C9C5B3} = {42DED337-8043-40EF-AA95-20859916D99E}
		{EDF0A602-9E95-49DE-8DE1-87EE075645D2} = {42DED337-8043-40EF-AA95-20859916D99E}
		{7737DE41-16BC-4838-98EA-18B0BD0A3F89} = {95D39681-AEAB-48E4-B836-C470906E6A3B}
	EndGlobalSection
	GlobalSection(ExtensibilityGlobals) = postSolution
		SolutionGuid = {1757F796-5A76-4F91-8DA3-9F297A955030}
	EndGlobalSection
EndGlobal
